
Microsoft Visual Studio Solution File, Format Version 12.00
# Visual Studio 2013
VisualStudioVersion = 12.0.31101.0
MinimumVisualStudioVersion = 10.0.40219.1
Project("{FAE04EC0-301F-11D3-BF4B-00C04F79EFBC}") = "01-OddOrEvenIntegers", "01-OddOrEvenIntegers\01-OddOrEvenIntegers.csproj", "{DAAE745B-27AE-496C-94EA-3D94ECE1E053}"
EndProject
Project("{FAE04EC0-301F-11D3-BF4B-00C04F79EFBC}") = "02-GravitationOnTheMoon", "02-GravitationOnTheMoon\02-GravitationOnTheMoon.csproj", "{F992A46B-F03D-41B8-958B-7189475E6EA3}"
EndProject
Project("{FAE04EC0-301F-11D3-BF4B-00C04F79EFBC}") = "03-DivideBy7and5", "03-DivideBy7and5\03-DivideBy7and5.csproj", "{D044CD24-A081-450E-9640-0B216891D9F2}"
EndProject
Project("{FAE04EC0-301F-11D3-BF4B-00C04F79EFBC}") = "04-Rectangles", "04-Rectangles\04-Rectangles.csproj", "{629332AB-B5A6-42C1-BE54-8F3181E6C527}"
EndProject
Project("{FAE04EC0-301F-11D3-BF4B-00C04F79EFBC}") = "05-ThirdDigitIs7", "05-ThirdDigitIs7\05-ThirdDigitIs7.csproj", "{3B64A6B9-A958-47D3-B974-8D1D61BED5D3}"
EndProject
Project("{FAE04EC0-301F-11D3-BF4B-00C04F79EFBC}") = "06-Four-DigitNumber", "06-Four-DigitNumber\06-Four-DigitNumber.csproj", "{5075BA39-5104-4F9E-8ABE-403CC2997371}"
EndProject
Project("{FAE04EC0-301F-11D3-BF4B-00C04F79EFBC}") = "07-PointInACircle", "07-PointInACircle\07-PointInACircle.csproj", "{511E0A64-6212-4FE2-8151-3EDC4840765D}"
EndProject
Project("{FAE04EC0-301F-11D3-BF4B-00C04F79EFBC}") = "08-PrimeNumberCheck", "08-PrimeNumberCheck\08-PrimeNumberCheck.csproj", "{4B923ED4-4A88-4236-800E-6F8A2DFA2BE1}"
EndProject
Project("{FAE04EC0-301F-11D3-BF4B-00C04F79EFBC}") = "09-Trapezoids", "09-Trapezoids\09-Trapezoids.csproj", "{51D5F03D-48D8-4C7A-88FC-480D98281AA8}"
EndProject
Project("{FAE04EC0-301F-11D3-BF4B-00C04F79EFBC}") = "10-PointInsideCircleOutsideRectangle", "10-PointInsideCircleOutsideRectangle\10-PointInsideCircleOutsideRectangle.csproj", "{B3D239F8-44B9-4FC6-BA57-0C778DABF398}"
EndProject
Project("{FAE04EC0-301F-11D3-BF4B-00C04F79EFBC}") = "11-BitwiseExtractBit3", "11-BitwiseExtractBit3\11-BitwiseExtractBit3.csproj", "{84F388FE-C9F3-4892-9E9B-A91A2C73F9A9}"
EndProject
Project("{FAE04EC0-301F-11D3-BF4B-00C04F79EFBC}") = "12-ExtractBitFromInteger", "12-ExtractBitFromInteger\12-ExtractBitFromInteger.csproj", "{7CBB5AA9-3019-47C1-9175-E9B3DD3481E6}"
EndProject
Project("{FAE04EC0-301F-11D3-BF4B-00C04F79EFBC}") = "13-CheckBitAtGivenPosition", "13-CheckBitAtGivenPosition\13-CheckBitAtGivenPosition.csproj", "{DD01EF08-7249-4CC3-A827-39A47C02162C}"
EndProject
Project("{FAE04EC0-301F-11D3-BF4B-00C04F79EFBC}") = "14-ModifyBitAtGivenPosition", "14-ModifyBitAtGivenPosition\14-ModifyBitAtGivenPosition.csproj", "{6C23842A-291D-446F-993F-184B85E8EB75}"
EndProject
Project("{FAE04EC0-301F-11D3-BF4B-00C04F79EFBC}") = "15-BitsExchange", "15-BitsExchange\15-BitsExchange.csproj", "{C4A49125-C8A7-45B2-9434-E2229FCA7F58}"
EndProject
Project("{FAE04EC0-301F-11D3-BF4B-00C04F79EFBC}") = "16-BitExchangeAdvanced", "16-BitExchangeAdvanced\16-BitExchangeAdvanced.csproj", "{C4EBD970-F776-4476-983C-C149463BAAB2}"
EndProject
Global
	GlobalSection(SolutionConfigurationPlatforms) = preSolution
		Debug|Any CPU = Debug|Any CPU
		Release|Any CPU = Release|Any CPU
	EndGlobalSection
	GlobalSection(ProjectConfigurationPlatforms) = postSolution
		{DAAE745B-27AE-496C-94EA-3D94ECE1E053}.Debug|Any CPU.ActiveCfg = Debug|Any CPU
		{DAAE745B-27AE-496C-94EA-3D94ECE1E053}.Debug|Any CPU.Build.0 = Debug|Any CPU
		{DAAE745B-27AE-496C-94EA-3D94ECE1E053}.Release|Any CPU.ActiveCfg = Release|Any CPU
		{DAAE745B-27AE-496C-94EA-3D94ECE1E053}.Release|Any CPU.Build.0 = Release|Any CPU
		{F992A46B-F03D-41B8-958B-7189475E6EA3}.Debug|Any CPU.ActiveCfg = Debug|Any CPU
		{F992A46B-F03D-41B8-958B-7189475E6EA3}.Debug|Any CPU.Build.0 = Debug|Any CPU
		{F992A46B-F03D-41B8-958B-7189475E6EA3}.Release|Any CPU.ActiveCfg = Release|Any CPU
		{F992A46B-F03D-41B8-958B-7189475E6EA3}.Release|Any CPU.Build.0 = Release|Any CPU
		{D044CD24-A081-450E-9640-0B216891D9F2}.Debug|Any CPU.ActiveCfg = Debug|Any CPU
		{D044CD24-A081-450E-9640-0B216891D9F2}.Debug|Any CPU.Build.0 = Debug|Any CPU
		{D044CD24-A081-450E-9640-0B216891D9F2}.Release|Any CPU.ActiveCfg = Release|Any CPU
		{D044CD24-A081-450E-9640-0B216891D9F2}.Release|Any CPU.Build.0 = Release|Any CPU
		{629332AB-B5A6-42C1-BE54-8F3181E6C527}.Debug|Any CPU.ActiveCfg = Debug|Any CPU
		{629332AB-B5A6-42C1-BE54-8F3181E6C527}.Debug|Any CPU.Build.0 = Debug|Any CPU
		{629332AB-B5A6-42C1-BE54-8F3181E6C527}.Release|Any CPU.ActiveCfg = Release|Any CPU
		{629332AB-B5A6-42C1-BE54-8F3181E6C527}.Release|Any CPU.Build.0 = Release|Any CPU
		{3B64A6B9-A958-47D3-B974-8D1D61BED5D3}.Debug|Any CPU.ActiveCfg = Debug|Any CPU
		{3B64A6B9-A958-47D3-B974-8D1D61BED5D3}.Debug|Any CPU.Build.0 = Debug|Any CPU
		{3B64A6B9-A958-47D3-B974-8D1D61BED5D3}.Release|Any CPU.ActiveCfg = Release|Any CPU
		{3B64A6B9-A958-47D3-B974-8D1D61BED5D3}.Release|Any CPU.Build.0 = Release|Any CPU
		{5075BA39-5104-4F9E-8ABE-403CC2997371}.Debug|Any CPU.ActiveCfg = Debug|Any CPU
		{5075BA39-5104-4F9E-8ABE-403CC2997371}.Debug|Any CPU.Build.0 = Debug|Any CPU
		{5075BA39-5104-4F9E-8ABE-403CC2997371}.Release|Any CPU.ActiveCfg = Release|Any CPU
		{5075BA39-5104-4F9E-8ABE-403CC2997371}.Release|Any CPU.Build.0 = Release|Any CPU
		{511E0A64-6212-4FE2-8151-3EDC4840765D}.Debug|Any CPU.ActiveCfg = Debug|Any CPU
		{511E0A64-6212-4FE2-8151-3EDC4840765D}.Debug|Any CPU.Build.0 = Debug|Any CPU
		{511E0A64-6212-4FE2-8151-3EDC4840765D}.Release|Any CPU.ActiveCfg = Release|Any CPU
		{511E0A64-6212-4FE2-8151-3EDC4840765D}.Release|Any CPU.Build.0 = Release|Any CPU
		{4B923ED4-4A88-4236-800E-6F8A2DFA2BE1}.Debug|Any CPU.ActiveCfg = Debug|Any CPU
		{4B923ED4-4A88-4236-800E-6F8A2DFA2BE1}.Debug|Any CPU.Build.0 = Debug|Any CPU
		{4B923ED4-4A88-4236-800E-6F8A2DFA2BE1}.Release|Any CPU.ActiveCfg = Release|Any CPU
		{4B923ED4-4A88-4236-800E-6F8A2DFA2BE1}.Release|Any CPU.Build.0 = Release|Any CPU
		{51D5F03D-48D8-4C7A-88FC-480D98281AA8}.Debug|Any CPU.ActiveCfg = Debug|Any CPU
		{51D5F03D-48D8-4C7A-88FC-480D98281AA8}.Debug|Any CPU.Build.0 = Debug|Any CPU
		{51D5F03D-48D8-4C7A-88FC-480D98281AA8}.Release|Any CPU.ActiveCfg = Release|Any CPU
		{51D5F03D-48D8-4C7A-88FC-480D98281AA8}.Release|Any CPU.Build.0 = Release|Any CPU
		{B3D239F8-44B9-4FC6-BA57-0C778DABF398}.Debug|Any CPU.ActiveCfg = Debug|Any CPU
		{B3D239F8-44B9-4FC6-BA57-0C778DABF398}.Debug|Any CPU.Build.0 = Debug|Any CPU
		{B3D239F8-44B9-4FC6-BA57-0C778DABF398}.Release|Any CPU.ActiveCfg = Release|Any CPU
		{B3D239F8-44B9-4FC6-BA57-0C778DABF398}.Release|Any CPU.Build.0 = Release|Any CPU
		{84F388FE-C9F3-4892-9E9B-A91A2C73F9A9}.Debug|Any CPU.ActiveCfg = Debug|Any CPU
		{84F388FE-C9F3-4892-9E9B-A91A2C73F9A9}.Debug|Any CPU.Build.0 = Debug|Any CPU
		{84F388FE-C9F3-4892-9E9B-A91A2C73F9A9}.Release|Any CPU.ActiveCfg = Release|Any CPU
		{84F388FE-C9F3-4892-9E9B-A91A2C73F9A9}.Release|Any CPU.Build.0 = Release|Any CPU
		{7CBB5AA9-3019-47C1-9175-E9B3DD3481E6}.Debug|Any CPU.ActiveCfg = Debug|Any CPU
		{7CBB5AA9-3019-47C1-9175-E9B3DD3481E6}.Debug|Any CPU.Build.0 = Debug|Any CPU
		{7CBB5AA9-3019-47C1-9175-E9B3DD3481E6}.Release|Any CPU.ActiveCfg = Release|Any CPU
		{7CBB5AA9-3019-47C1-9175-E9B3DD3481E6}.Release|Any CPU.Build.0 = Release|Any CPU
		{DD01EF08-7249-4CC3-A827-39A47C02162C}.Debug|Any CPU.ActiveCfg = Debug|Any CPU
		{DD01EF08-7249-4CC3-A827-39A47C02162C}.Debug|Any CPU.Build.0 = Debug|Any CPU
		{DD01EF08-7249-4CC3-A827-39A47C02162C}.Release|Any CPU.ActiveCfg = Release|Any CPU
		{DD01EF08-7249-4CC3-A827-39A47C02162C}.Release|Any CPU.Build.0 = Release|Any CPU
		{6C23842A-291D-446F-993F-184B85E8EB75}.Debug|Any CPU.ActiveCfg = Debug|Any CPU
		{6C23842A-291D-446F-993F-184B85E8EB75}.Debug|Any CPU.Build.0 = Debug|Any CPU
		{6C23842A-291D-446F-993F-184B85E8EB75}.Release|Any CPU.ActiveCfg = Release|Any CPU
		{6C23842A-291D-446F-993F-184B85E8EB75}.Release|Any CPU.Build.0 = Release|Any CPU
		{C4A49125-C8A7-45B2-9434-E2229FCA7F58}.Debug|Any CPU.ActiveCfg = Debug|Any CPU
		{C4A49125-C8A7-45B2-9434-E2229FCA7F58}.Debug|Any CPU.Build.0 = Debug|Any CPU
		{C4A49125-C8A7-45B2-9434-E2229FCA7F58}.Release|Any CPU.ActiveCfg = Release|Any CPU
		{C4A49125-C8A7-45B2-9434-E2229FCA7F58}.Release|Any CPU.Build.0 = Release|Any CPU
		{C4EBD970-F776-4476-983C-C149463BAAB2}.Debug|Any CPU.ActiveCfg = Debug|Any CPU
		{C4EBD970-F776-4476-983C-C149463BAAB2}.Debug|Any CPU.Build.0 = Debug|Any CPU
		{C4EBD970-F776-4476-983C-C149463BAAB2}.Release|Any CPU.ActiveCfg = Release|Any CPU
		{C4EBD970-F776-4476-983C-C149463BAAB2}.Release|Any CPU.Build.0 = Release|Any CPU
	EndGlobalSection
	GlobalSection(SolutionProperties) = preSolution
		HideSolutionNode = FALSE
	EndGlobalSection
EndGlobal
