
Microsoft Visual Studio Solution File, Format Version 12.00
# Visual Studio 2013
VisualStudioVersion = 12.0.31101.0
MinimumVisualStudioVersion = 10.0.40219.1
Project("{FAE04EC0-301F-11D3-BF4B-00C04F79EFBC}") = "01.LoremIpsumPage", "01.LoremIpsumPage\01.LoremIpsumPage.csproj", "{1A896FC8-DD24-4D50-8F60-91767266D6E2}"
EndProject
Project("{FAE04EC0-301F-11D3-BF4B-00C04F79EFBC}") = "02.ForumPosts", "02.ForumPosts\02.ForumPosts.csproj", "{F6B98AA7-002D-4DC3-A1AF-47AE3240F604}"
EndProject
Project("{FAE04EC0-301F-11D3-BF4B-00C04F79EFBC}") = "03.NestedDivs", "03.NestedDivs\03.NestedDivs.csproj", "{C98CDFBF-CB33-4AD6-881D-EB80367AFC8A}"
EndProject
Project("{FAE04EC0-301F-11D3-BF4B-00C04F79EFBC}") = "04.WindowsCalculator", "04.WindowsCalculator\04.WindowsCalculator.csproj", "{3D651A02-2A86-4990-A553-53039AB146E3}"
EndProject
Global
	GlobalSection(SolutionConfigurationPlatforms) = preSolution
		Debug|Any CPU = Debug|Any CPU
		Release|Any CPU = Release|Any CPU
	EndGlobalSection
	GlobalSection(ProjectConfigurationPlatforms) = postSolution
		{1A896FC8-DD24-4D50-8F60-91767266D6E2}.Debug|Any CPU.ActiveCfg = Debug|Any CPU
		{1A896FC8-DD24-4D50-8F60-91767266D6E2}.Debug|Any CPU.Build.0 = Debug|Any CPU
		{1A896FC8-DD24-4D50-8F60-91767266D6E2}.Release|Any CPU.ActiveCfg = Release|Any CPU
		{1A896FC8-DD24-4D50-8F60-91767266D6E2}.Release|Any CPU.Build.0 = Release|Any CPU
		{F6B98AA7-002D-4DC3-A1AF-47AE3240F604}.Debug|Any CPU.ActiveCfg = Debug|Any CPU
		{F6B98AA7-002D-4DC3-A1AF-47AE3240F604}.Debug|Any CPU.Build.0 = Debug|Any CPU
		{F6B98AA7-002D-4DC3-A1AF-47AE3240F604}.Release|Any CPU.ActiveCfg = Release|Any CPU
		{F6B98AA7-002D-4DC3-A1AF-47AE3240F604}.Release|Any CPU.Build.0 = Release|Any CPU
		{C98CDFBF-CB33-4AD6-881D-EB80367AFC8A}.Debug|Any CPU.ActiveCfg = Debug|Any CPU
		{C98CDFBF-CB33-4AD6-881D-EB80367AFC8A}.Debug|Any CPU.Build.0 = Debug|Any CPU
		{C98CDFBF-CB33-4AD6-881D-EB80367AFC8A}.Release|Any CPU.ActiveCfg = Release|Any CPU
		{C98CDFBF-CB33-4AD6-881D-EB80367AFC8A}.Release|Any CPU.Build.0 = Release|Any CPU
		{3D651A02-2A86-4990-A553-53039AB146E3}.Debug|Any CPU.ActiveCfg = Debug|Any CPU
		{3D651A02-2A86-4990-A553-53039AB146E3}.Debug|Any CPU.Build.0 = Debug|Any CPU
		{3D651A02-2A86-4990-A553-53039AB146E3}.Release|Any CPU.ActiveCfg = Release|Any CPU
		{3D651A02-2A86-4990-A553-53039AB146E3}.Release|Any CPU.Build.0 = Release|Any CPU
	EndGlobalSection
	GlobalSection(SolutionProperties) = preSolution
		HideSolutionNode = FALSE
	EndGlobalSection
EndGlobal
