
Microsoft Visual Studio Solution File, Format Version 12.00
# Visual Studio 2013
VisualStudioVersion = 12.0.40629.0
MinimumVisualStudioVersion = 10.0.40219.1
Project("{FAE04EC0-301F-11D3-BF4B-00C04F79EFBC}") = "CompareAdvancedMathOperations", "CompareAdvancedMathOperations\CompareAdvancedMathOperations.csproj", "{9569950C-E5C4-4AE8-8933-1D9FEB66920C}"
EndProject
Project("{FAE04EC0-301F-11D3-BF4B-00C04F79EFBC}") = "CompareSimpleMathOperations", "CompareSimpleMathOperations\CompareSimpleMathOperations.csproj", "{DECB8BDA-9C1E-446A-B27C-676A7FEEB025}"
EndProject
Project("{FAE04EC0-301F-11D3-BF4B-00C04F79EFBC}") = "CompareSortingAlgorithms", "CompareSortingAlgorithms\CompareSortingAlgorithms.csproj", "{9ED06B1A-D6EB-4C62-BE05-9EB2C18D4EA9}"
EndProject
Global
	GlobalSection(SolutionConfigurationPlatforms) = preSolution
		Debug|Any CPU = Debug|Any CPU
		Release|Any CPU = Release|Any CPU
	EndGlobalSection
	GlobalSection(ProjectConfigurationPlatforms) = postSolution
		{9569950C-E5C4-4AE8-8933-1D9FEB66920C}.Debug|Any CPU.ActiveCfg = Debug|Any CPU
		{9569950C-E5C4-4AE8-8933-1D9FEB66920C}.Debug|Any CPU.Build.0 = Debug|Any CPU
		{9569950C-E5C4-4AE8-8933-1D9FEB66920C}.Release|Any CPU.ActiveCfg = Release|Any CPU
		{9569950C-E5C4-4AE8-8933-1D9FEB66920C}.Release|Any CPU.Build.0 = Release|Any CPU
		{DECB8BDA-9C1E-446A-B27C-676A7FEEB025}.Debug|Any CPU.ActiveCfg = Debug|Any CPU
		{DECB8BDA-9C1E-446A-B27C-676A7FEEB025}.Debug|Any CPU.Build.0 = Debug|Any CPU
		{DECB8BDA-9C1E-446A-B27C-676A7FEEB025}.Release|Any CPU.ActiveCfg = Release|Any CPU
		{DECB8BDA-9C1E-446A-B27C-676A7FEEB025}.Release|Any CPU.Build.0 = Release|Any CPU
		{9ED06B1A-D6EB-4C62-BE05-9EB2C18D4EA9}.Debug|Any CPU.ActiveCfg = Debug|Any CPU
		{9ED06B1A-D6EB-4C62-BE05-9EB2C18D4EA9}.Debug|Any CPU.Build.0 = Debug|Any CPU
		{9ED06B1A-D6EB-4C62-BE05-9EB2C18D4EA9}.Release|Any CPU.ActiveCfg = Release|Any CPU
		{9ED06B1A-D6EB-4C62-BE05-9EB2C18D4EA9}.Release|Any CPU.Build.0 = Release|Any CPU
	EndGlobalSection
	GlobalSection(SolutionProperties) = preSolution
		HideSolutionNode = FALSE
	EndGlobalSection
EndGlobal
