
Microsoft Visual Studio Solution File, Format Version 12.00
# Visual Studio 2013
VisualStudioVersion = 12.0.31101.0
MinimumVisualStudioVersion = 10.0.40219.1
Project("{FAE04EC0-301F-11D3-BF4B-00C04F79EFBC}") = "01.TicketCSS", "01.TicketCSS\01.TicketCSS.csproj", "{369E0D57-099F-439A-9131-5133B6F01768}"
EndProject
Project("{FAE04EC0-301F-11D3-BF4B-00C04F79EFBC}") = "02.InternationalEmployees", "02.InternationalEmployees\02.InternationalEmployees.csproj", "{82AE2061-45C7-4AE7-8D59-96635FD6F7A8}"
EndProject
Project("{FAE04EC0-301F-11D3-BF4B-00C04F79EFBC}") = "03.ForumPosts", "03.ForumPosts\03.ForumPosts.csproj", "{16DF13DD-C80C-41C3-BBB5-51CDE8E720C9}"
EndProject
Global
	GlobalSection(SolutionConfigurationPlatforms) = preSolution
		Debug|Any CPU = Debug|Any CPU
		Release|Any CPU = Release|Any CPU
	EndGlobalSection
	GlobalSection(ProjectConfigurationPlatforms) = postSolution
		{369E0D57-099F-439A-9131-5133B6F01768}.Debug|Any CPU.ActiveCfg = Debug|Any CPU
		{369E0D57-099F-439A-9131-5133B6F01768}.Debug|Any CPU.Build.0 = Debug|Any CPU
		{369E0D57-099F-439A-9131-5133B6F01768}.Release|Any CPU.ActiveCfg = Release|Any CPU
		{369E0D57-099F-439A-9131-5133B6F01768}.Release|Any CPU.Build.0 = Release|Any CPU
		{82AE2061-45C7-4AE7-8D59-96635FD6F7A8}.Debug|Any CPU.ActiveCfg = Debug|Any CPU
		{82AE2061-45C7-4AE7-8D59-96635FD6F7A8}.Debug|Any CPU.Build.0 = Debug|Any CPU
		{82AE2061-45C7-4AE7-8D59-96635FD6F7A8}.Release|Any CPU.ActiveCfg = Release|Any CPU
		{82AE2061-45C7-4AE7-8D59-96635FD6F7A8}.Release|Any CPU.Build.0 = Release|Any CPU
		{16DF13DD-C80C-41C3-BBB5-51CDE8E720C9}.Debug|Any CPU.ActiveCfg = Debug|Any CPU
		{16DF13DD-C80C-41C3-BBB5-51CDE8E720C9}.Debug|Any CPU.Build.0 = Debug|Any CPU
		{16DF13DD-C80C-41C3-BBB5-51CDE8E720C9}.Release|Any CPU.ActiveCfg = Release|Any CPU
		{16DF13DD-C80C-41C3-BBB5-51CDE8E720C9}.Release|Any CPU.Build.0 = Release|Any CPU
	EndGlobalSection
	GlobalSection(SolutionProperties) = preSolution
		HideSolutionNode = FALSE
	EndGlobalSection
EndGlobal
