
Microsoft Visual Studio Solution File, Format Version 12.00
# Visual Studio 2013
VisualStudioVersion = 12.0.31101.0
MinimumVisualStudioVersion = 10.0.40219.1
Project("{FAE04EC0-301F-11D3-BF4B-00C04F79EFBC}") = "01-SquareRoot", "01-SquareRoot\01-SquareRoot.csproj", "{284D7564-DFBC-4FC0-9131-DE700635DEDA}"
EndProject
Project("{FAE04EC0-301F-11D3-BF4B-00C04F79EFBC}") = "02-EnterNumbers", "02-EnterNumbers\02-EnterNumbers.csproj", "{A14D073F-4E8D-424D-A78E-52B8A4B058D7}"
EndProject
Project("{FAE04EC0-301F-11D3-BF4B-00C04F79EFBC}") = "03-ReadFileContents", "03-ReadFileContents\03-ReadFileContents.csproj", "{8AA2B3C0-7588-4E4B-8C10-46AB3306B7A8}"
EndProject
Project("{FAE04EC0-301F-11D3-BF4B-00C04F79EFBC}") = "04-DownloadFile", "04-DownloadFile\04-DownloadFile.csproj", "{8277C8B6-2D23-4111-994A-D08723B75653}"
EndProject
Global
	GlobalSection(SolutionConfigurationPlatforms) = preSolution
		Debug|Any CPU = Debug|Any CPU
		Release|Any CPU = Release|Any CPU
	EndGlobalSection
	GlobalSection(ProjectConfigurationPlatforms) = postSolution
		{284D7564-DFBC-4FC0-9131-DE700635DEDA}.Debug|Any CPU.ActiveCfg = Debug|Any CPU
		{284D7564-DFBC-4FC0-9131-DE700635DEDA}.Debug|Any CPU.Build.0 = Debug|Any CPU
		{284D7564-DFBC-4FC0-9131-DE700635DEDA}.Release|Any CPU.ActiveCfg = Release|Any CPU
		{284D7564-DFBC-4FC0-9131-DE700635DEDA}.Release|Any CPU.Build.0 = Release|Any CPU
		{A14D073F-4E8D-424D-A78E-52B8A4B058D7}.Debug|Any CPU.ActiveCfg = Debug|Any CPU
		{A14D073F-4E8D-424D-A78E-52B8A4B058D7}.Debug|Any CPU.Build.0 = Debug|Any CPU
		{A14D073F-4E8D-424D-A78E-52B8A4B058D7}.Release|Any CPU.ActiveCfg = Release|Any CPU
		{A14D073F-4E8D-424D-A78E-52B8A4B058D7}.Release|Any CPU.Build.0 = Release|Any CPU
		{8AA2B3C0-7588-4E4B-8C10-46AB3306B7A8}.Debug|Any CPU.ActiveCfg = Debug|Any CPU
		{8AA2B3C0-7588-4E4B-8C10-46AB3306B7A8}.Debug|Any CPU.Build.0 = Debug|Any CPU
		{8AA2B3C0-7588-4E4B-8C10-46AB3306B7A8}.Release|Any CPU.ActiveCfg = Release|Any CPU
		{8AA2B3C0-7588-4E4B-8C10-46AB3306B7A8}.Release|Any CPU.Build.0 = Release|Any CPU
		{8277C8B6-2D23-4111-994A-D08723B75653}.Debug|Any CPU.ActiveCfg = Debug|Any CPU
		{8277C8B6-2D23-4111-994A-D08723B75653}.Debug|Any CPU.Build.0 = Debug|Any CPU
		{8277C8B6-2D23-4111-994A-D08723B75653}.Release|Any CPU.ActiveCfg = Release|Any CPU
		{8277C8B6-2D23-4111-994A-D08723B75653}.Release|Any CPU.Build.0 = Release|Any CPU
	EndGlobalSection
	GlobalSection(SolutionProperties) = preSolution
		HideSolutionNode = FALSE
	EndGlobalSection
EndGlobal
