
Microsoft Visual Studio Solution File, Format Version 12.00
# Visual Studio 2013
VisualStudioVersion = 12.0.31101.0
MinimumVisualStudioVersion = 10.0.40219.1
Project("{FAE04EC0-301F-11D3-BF4B-00C04F79EFBC}") = "01-NumbersFrom1ToN", "01-NumbersFrom1ToN\01-NumbersFrom1ToN.csproj", "{EF463FFC-BF2F-4CC9-88BF-2B5CDDA2A744}"
EndProject
Project("{FAE04EC0-301F-11D3-BF4B-00C04F79EFBC}") = "02-NumbersNotDivisibleBy3And7", "02-NumbersNotDivisibleBy3And7\02-NumbersNotDivisibleBy3And7.csproj", "{9A45ECC7-3816-4863-8FA4-06C98C0D2920}"
EndProject
Project("{FAE04EC0-301F-11D3-BF4B-00C04F79EFBC}") = "03-MinMaxSumAndAverageOfNNumbers", "03-MinMaxSumAndAverageOfNNumbers\03-MinMaxSumAndAverageOfNNumbers.csproj", "{2C6D00E3-CFD9-4E44-B81D-2FE0A183B822}"
EndProject
Project("{FAE04EC0-301F-11D3-BF4B-00C04F79EFBC}") = "04-PrintADeckOf52Cards", "04-PrintADeckOf52Cards\04-PrintADeckOf52Cards.csproj", "{1D818775-969F-43FD-B399-44B85C96D7E0}"
EndProject
Project("{FAE04EC0-301F-11D3-BF4B-00C04F79EFBC}") = "05-CalculateSum", "05-Calculate\05-CalculateSum.csproj", "{F7B9BC5D-CB64-43F5-B36B-10F99DA0D48F}"
EndProject
Project("{FAE04EC0-301F-11D3-BF4B-00C04F79EFBC}") = "06-CalculateN!K!", "06-CalculateN!K!\06-CalculateN!K!.csproj", "{38B8C61B-4063-4E70-825F-1CFE1148F8B1}"
EndProject
Project("{FAE04EC0-301F-11D3-BF4B-00C04F79EFBC}") = "07-CalculateN!(K!(N-K)!)", "07-CalculateN!(K!(N-K)!)\07-CalculateN!(K!(N-K)!).csproj", "{6F01AC2B-CBDC-4D72-8651-B1A56A492B9A}"
EndProject
Project("{FAE04EC0-301F-11D3-BF4B-00C04F79EFBC}") = "08-CatalanNumbers", "08-CatalanNumbers\08-CatalanNumbers.csproj", "{C5C1F20D-0724-441A-A544-902691E81E7F}"
EndProject
Project("{FAE04EC0-301F-11D3-BF4B-00C04F79EFBC}") = "09-MatrixOfNumbers", "09-MatrixfNumbers\09-MatrixOfNumbers.csproj", "{E53D25D1-F95D-4974-A398-DDDF5922FDE1}"
EndProject
Project("{FAE04EC0-301F-11D3-BF4B-00C04F79EFBC}") = "10-OddAndEvenProduct", "10-OddAndEvenProduct\10-OddAndEvenProduct.csproj", "{7E7F7163-8D93-470B-9454-858849346896}"
EndProject
Project("{FAE04EC0-301F-11D3-BF4B-00C04F79EFBC}") = "11-RandomNumbersInGivenRange", "11-RandomNumbersInGivenRange\11-RandomNumbersInGivenRange.csproj", "{C39AE7AA-3EE2-4D1B-A9D2-8F621D0EC78F}"
EndProject
Project("{FAE04EC0-301F-11D3-BF4B-00C04F79EFBC}") = "12-RandomizeTheNumbers1…N", "12-RandomizeTheNumbers1…N\12-RandomizeTheNumbers1…N.csproj", "{92C421CB-2599-4CA0-A01F-8D4E21C10F3E}"
EndProject
Project("{FAE04EC0-301F-11D3-BF4B-00C04F79EFBC}") = "13-BinaryToDecimalNumber", "13-BinaryToDecimalNumber\13-BinaryToDecimalNumber.csproj", "{01282A6A-7CAC-4400-996E-DFF66E29369B}"
EndProject
Project("{FAE04EC0-301F-11D3-BF4B-00C04F79EFBC}") = "14-DecimalToBinaryNumber", "14-DecimalToBinaryNumber\14-DecimalToBinaryNumber.csproj", "{230E4090-E08E-41BB-8F32-C17BA93AB937}"
EndProject
Project("{FAE04EC0-301F-11D3-BF4B-00C04F79EFBC}") = "15-HexadecimalToDecimalNumber", "15-HexadecimalToDecimalNumber\15-HexadecimalToDecimalNumber.csproj", "{1E6521ED-8D08-435F-A3D2-2ACFBC412EA9}"
EndProject
Project("{FAE04EC0-301F-11D3-BF4B-00C04F79EFBC}") = "16-DecimalToHexadecimalNumber", "16-DecimalToHexadecimalNumber\16-DecimalToHexadecimalNumber.csproj", "{73117ADF-021A-4E5F-ADBA-40B698D9E137}"
EndProject
Project("{FAE04EC0-301F-11D3-BF4B-00C04F79EFBC}") = "17-CalculateGCD", "17-CalculateGCD\17-CalculateGCD.csproj", "{F672D473-393C-4D02-9D9D-8A35A59158C1}"
EndProject
Project("{FAE04EC0-301F-11D3-BF4B-00C04F79EFBC}") = "18-TrailingZeroesInN!", "18-TrailingZeroesInN!\18-TrailingZeroesInN!.csproj", "{3816421D-F1B4-4871-B68C-46E54832FA13}"
EndProject
Project("{FAE04EC0-301F-11D3-BF4B-00C04F79EFBC}") = "19-SpiralMatrix", "19-SpiralMatrix\19-SpiralMatrix.csproj", "{B504E5EB-2960-47D7-B25D-0454189ECDE2}"
EndProject
Global
	GlobalSection(SolutionConfigurationPlatforms) = preSolution
		Debug|Any CPU = Debug|Any CPU
		Release|Any CPU = Release|Any CPU
	EndGlobalSection
	GlobalSection(ProjectConfigurationPlatforms) = postSolution
		{EF463FFC-BF2F-4CC9-88BF-2B5CDDA2A744}.Debug|Any CPU.ActiveCfg = Debug|Any CPU
		{EF463FFC-BF2F-4CC9-88BF-2B5CDDA2A744}.Debug|Any CPU.Build.0 = Debug|Any CPU
		{EF463FFC-BF2F-4CC9-88BF-2B5CDDA2A744}.Release|Any CPU.ActiveCfg = Release|Any CPU
		{EF463FFC-BF2F-4CC9-88BF-2B5CDDA2A744}.Release|Any CPU.Build.0 = Release|Any CPU
		{9A45ECC7-3816-4863-8FA4-06C98C0D2920}.Debug|Any CPU.ActiveCfg = Debug|Any CPU
		{9A45ECC7-3816-4863-8FA4-06C98C0D2920}.Debug|Any CPU.Build.0 = Debug|Any CPU
		{9A45ECC7-3816-4863-8FA4-06C98C0D2920}.Release|Any CPU.ActiveCfg = Release|Any CPU
		{9A45ECC7-3816-4863-8FA4-06C98C0D2920}.Release|Any CPU.Build.0 = Release|Any CPU
		{2C6D00E3-CFD9-4E44-B81D-2FE0A183B822}.Debug|Any CPU.ActiveCfg = Debug|Any CPU
		{2C6D00E3-CFD9-4E44-B81D-2FE0A183B822}.Debug|Any CPU.Build.0 = Debug|Any CPU
		{2C6D00E3-CFD9-4E44-B81D-2FE0A183B822}.Release|Any CPU.ActiveCfg = Release|Any CPU
		{2C6D00E3-CFD9-4E44-B81D-2FE0A183B822}.Release|Any CPU.Build.0 = Release|Any CPU
		{1D818775-969F-43FD-B399-44B85C96D7E0}.Debug|Any CPU.ActiveCfg = Debug|Any CPU
		{1D818775-969F-43FD-B399-44B85C96D7E0}.Debug|Any CPU.Build.0 = Debug|Any CPU
		{1D818775-969F-43FD-B399-44B85C96D7E0}.Release|Any CPU.ActiveCfg = Release|Any CPU
		{1D818775-969F-43FD-B399-44B85C96D7E0}.Release|Any CPU.Build.0 = Release|Any CPU
		{F7B9BC5D-CB64-43F5-B36B-10F99DA0D48F}.Debug|Any CPU.ActiveCfg = Debug|Any CPU
		{F7B9BC5D-CB64-43F5-B36B-10F99DA0D48F}.Debug|Any CPU.Build.0 = Debug|Any CPU
		{F7B9BC5D-CB64-43F5-B36B-10F99DA0D48F}.Release|Any CPU.ActiveCfg = Release|Any CPU
		{F7B9BC5D-CB64-43F5-B36B-10F99DA0D48F}.Release|Any CPU.Build.0 = Release|Any CPU
		{38B8C61B-4063-4E70-825F-1CFE1148F8B1}.Debug|Any CPU.ActiveCfg = Debug|Any CPU
		{38B8C61B-4063-4E70-825F-1CFE1148F8B1}.Debug|Any CPU.Build.0 = Debug|Any CPU
		{38B8C61B-4063-4E70-825F-1CFE1148F8B1}.Release|Any CPU.ActiveCfg = Release|Any CPU
		{38B8C61B-4063-4E70-825F-1CFE1148F8B1}.Release|Any CPU.Build.0 = Release|Any CPU
		{6F01AC2B-CBDC-4D72-8651-B1A56A492B9A}.Debug|Any CPU.ActiveCfg = Debug|Any CPU
		{6F01AC2B-CBDC-4D72-8651-B1A56A492B9A}.Debug|Any CPU.Build.0 = Debug|Any CPU
		{6F01AC2B-CBDC-4D72-8651-B1A56A492B9A}.Release|Any CPU.ActiveCfg = Release|Any CPU
		{6F01AC2B-CBDC-4D72-8651-B1A56A492B9A}.Release|Any CPU.Build.0 = Release|Any CPU
		{C5C1F20D-0724-441A-A544-902691E81E7F}.Debug|Any CPU.ActiveCfg = Debug|Any CPU
		{C5C1F20D-0724-441A-A544-902691E81E7F}.Debug|Any CPU.Build.0 = Debug|Any CPU
		{C5C1F20D-0724-441A-A544-902691E81E7F}.Release|Any CPU.ActiveCfg = Release|Any CPU
		{C5C1F20D-0724-441A-A544-902691E81E7F}.Release|Any CPU.Build.0 = Release|Any CPU
		{E53D25D1-F95D-4974-A398-DDDF5922FDE1}.Debug|Any CPU.ActiveCfg = Debug|Any CPU
		{E53D25D1-F95D-4974-A398-DDDF5922FDE1}.Debug|Any CPU.Build.0 = Debug|Any CPU
		{E53D25D1-F95D-4974-A398-DDDF5922FDE1}.Release|Any CPU.ActiveCfg = Release|Any CPU
		{E53D25D1-F95D-4974-A398-DDDF5922FDE1}.Release|Any CPU.Build.0 = Release|Any CPU
		{7E7F7163-8D93-470B-9454-858849346896}.Debug|Any CPU.ActiveCfg = Debug|Any CPU
		{7E7F7163-8D93-470B-9454-858849346896}.Debug|Any CPU.Build.0 = Debug|Any CPU
		{7E7F7163-8D93-470B-9454-858849346896}.Release|Any CPU.ActiveCfg = Release|Any CPU
		{7E7F7163-8D93-470B-9454-858849346896}.Release|Any CPU.Build.0 = Release|Any CPU
		{C39AE7AA-3EE2-4D1B-A9D2-8F621D0EC78F}.Debug|Any CPU.ActiveCfg = Debug|Any CPU
		{C39AE7AA-3EE2-4D1B-A9D2-8F621D0EC78F}.Debug|Any CPU.Build.0 = Debug|Any CPU
		{C39AE7AA-3EE2-4D1B-A9D2-8F621D0EC78F}.Release|Any CPU.ActiveCfg = Release|Any CPU
		{C39AE7AA-3EE2-4D1B-A9D2-8F621D0EC78F}.Release|Any CPU.Build.0 = Release|Any CPU
		{92C421CB-2599-4CA0-A01F-8D4E21C10F3E}.Debug|Any CPU.ActiveCfg = Debug|Any CPU
		{92C421CB-2599-4CA0-A01F-8D4E21C10F3E}.Debug|Any CPU.Build.0 = Debug|Any CPU
		{92C421CB-2599-4CA0-A01F-8D4E21C10F3E}.Release|Any CPU.ActiveCfg = Release|Any CPU
		{92C421CB-2599-4CA0-A01F-8D4E21C10F3E}.Release|Any CPU.Build.0 = Release|Any CPU
		{01282A6A-7CAC-4400-996E-DFF66E29369B}.Debug|Any CPU.ActiveCfg = Debug|Any CPU
		{01282A6A-7CAC-4400-996E-DFF66E29369B}.Debug|Any CPU.Build.0 = Debug|Any CPU
		{01282A6A-7CAC-4400-996E-DFF66E29369B}.Release|Any CPU.ActiveCfg = Release|Any CPU
		{01282A6A-7CAC-4400-996E-DFF66E29369B}.Release|Any CPU.Build.0 = Release|Any CPU
		{230E4090-E08E-41BB-8F32-C17BA93AB937}.Debug|Any CPU.ActiveCfg = Debug|Any CPU
		{230E4090-E08E-41BB-8F32-C17BA93AB937}.Debug|Any CPU.Build.0 = Debug|Any CPU
		{230E4090-E08E-41BB-8F32-C17BA93AB937}.Release|Any CPU.ActiveCfg = Release|Any CPU
		{230E4090-E08E-41BB-8F32-C17BA93AB937}.Release|Any CPU.Build.0 = Release|Any CPU
		{1E6521ED-8D08-435F-A3D2-2ACFBC412EA9}.Debug|Any CPU.ActiveCfg = Debug|Any CPU
		{1E6521ED-8D08-435F-A3D2-2ACFBC412EA9}.Debug|Any CPU.Build.0 = Debug|Any CPU
		{1E6521ED-8D08-435F-A3D2-2ACFBC412EA9}.Release|Any CPU.ActiveCfg = Release|Any CPU
		{1E6521ED-8D08-435F-A3D2-2ACFBC412EA9}.Release|Any CPU.Build.0 = Release|Any CPU
		{73117ADF-021A-4E5F-ADBA-40B698D9E137}.Debug|Any CPU.ActiveCfg = Debug|Any CPU
		{73117ADF-021A-4E5F-ADBA-40B698D9E137}.Debug|Any CPU.Build.0 = Debug|Any CPU
		{73117ADF-021A-4E5F-ADBA-40B698D9E137}.Release|Any CPU.ActiveCfg = Release|Any CPU
		{73117ADF-021A-4E5F-ADBA-40B698D9E137}.Release|Any CPU.Build.0 = Release|Any CPU
		{F672D473-393C-4D02-9D9D-8A35A59158C1}.Debug|Any CPU.ActiveCfg = Debug|Any CPU
		{F672D473-393C-4D02-9D9D-8A35A59158C1}.Debug|Any CPU.Build.0 = Debug|Any CPU
		{F672D473-393C-4D02-9D9D-8A35A59158C1}.Release|Any CPU.ActiveCfg = Release|Any CPU
		{F672D473-393C-4D02-9D9D-8A35A59158C1}.Release|Any CPU.Build.0 = Release|Any CPU
		{3816421D-F1B4-4871-B68C-46E54832FA13}.Debug|Any CPU.ActiveCfg = Debug|Any CPU
		{3816421D-F1B4-4871-B68C-46E54832FA13}.Debug|Any CPU.Build.0 = Debug|Any CPU
		{3816421D-F1B4-4871-B68C-46E54832FA13}.Release|Any CPU.ActiveCfg = Release|Any CPU
		{3816421D-F1B4-4871-B68C-46E54832FA13}.Release|Any CPU.Build.0 = Release|Any CPU
		{B504E5EB-2960-47D7-B25D-0454189ECDE2}.Debug|Any CPU.ActiveCfg = Debug|Any CPU
		{B504E5EB-2960-47D7-B25D-0454189ECDE2}.Debug|Any CPU.Build.0 = Debug|Any CPU
		{B504E5EB-2960-47D7-B25D-0454189ECDE2}.Release|Any CPU.ActiveCfg = Release|Any CPU
		{B504E5EB-2960-47D7-B25D-0454189ECDE2}.Release|Any CPU.Build.0 = Release|Any CPU
	EndGlobalSection
	GlobalSection(SolutionProperties) = preSolution
		HideSolutionNode = FALSE
	EndGlobalSection
EndGlobal
